github.com/aws/aws-lambda-go v1.2.0 h1:2f0pbAKMNNhvOkjI9BCrwoeIiduSTlYpD0iKEN1neuQ=
github.com/aws/aws-lambda-go v1.2.0/go.mod h1:zUsUQhAUjYzR8AuduJPCfhBuKWUaDbQiPOG+ouzmE1A=
github.com/aws/aws-sdk-go v1.14.32 h1:0Y2CFPSWlvQfGzQ8eZgZqg/NZ9yE5whI382l/bm+Tqw=
github.com/aws/aws-sdk-go v1.14.32/go.mod h1:mFuSZ37Z9YOHbQEwBWztmVzqXrEkub65tZoCYDt7FT0=
github.com/bradleyfalzon/ghinstallation v0.1.2 h1:9fdqVadlvEX/EUts5/aIGvx2ujKnGNIMcuCuUrM6s6Q=
github.com/bradleyfalzon/ghinstallation v0.1.2/go.mod h1:VQsLlCoNa54/CNXcc2DuCfNZrZxqQcyPeqKUugF/2h8=
github.com/dgrijalva/jwt-go v3.2.0+incompatible h1:7qlOGliEKZXTDg6OTjfoBKDXWrumCAMpl/TFQ4/5kLM=
github.com/dgrijalva/jwt-go v3.2.0+incompatible/go.mod h1:E3ru+11k8xSBh+hMPgOLZmtrrCbhqsmaPHjLKYnJCaQ=
github.com/go-ini/ini v1.25.4/go.mod h1:ByCAeIL28uOIIG0E3PJtZPDL8WnHpFKFOtgjp+3Ies8=
github.com/go-ini/ini v1.38.1 h1:hbtfM8emWUVo9GnXSloXYyFbXxZ+tG6sbepSStoe1FY=
github.com/go-ini/ini v1.38.1/go.mod h1:ByCAeIL28uOIIG0E3PJtZPDL8WnHpFKFOtgjp+3Ies8=
github.com/golang/mock v1.1.1 h1:G5FRp8JnTd7RQH5kemVNlMeyXQAztQ3mOWV95KxsXH8=
github.com/golang/mock v1.1.1/go.mod h1:oTYuIxOrZwtPieC+H1uAHpcLFnEyAGVDL/k47Jfbm0A=
github.com/golang/protobuf v1.1.0/go.mod h1:6lQm79b+lXiMfvg/cZm0SGofjICqVBUtrP5yJMmIC1U=
github.com/google/go-github v15.0.0+incompatible h1:jlPg2Cpsxb/FyEV/MFiIE9tW/2RAevQNZDPeHbf5a94=
github.com/google/go-github v15.0.0+incompatible/go.mod h1:zLgOLi98H3fifZn+44m+umXrS52loVEgC2AApnigrVQ=
github.com/google/go-querystring v0.0.0-20170111101155-53e6ce116135 h1:zLTLjkaOFEFIOxY5BWLFLwh+cL8vOBW4XJ2aqLE/Tf0=
github.com/google/go-querystring v0.0.0-20170111101155-53e6ce116135/go.mod h1:odCYkC5MyYFN7vkCjXpyrEuKhc/BUO6wN/zVPAxq5ck=
github.com/jessevdk/go-flags v1.4.0 h1:4IU2WS7AumrZ/40jfhf4QVDMsQwqA7VEHozFRrGARJA=
github.com/jessevdk/go-flags v1.4.0/go.mod h1:4FA24M0QyGHXBuZZK/XkWh8h0e1EYbRYJSGM75WSRxI=
github.com/jmespath/go-jmespath v0.0.0-20160202185014-0b12d6b521d8 h1:12VvqtR6Aowv3l/EQUlocDHW2Cp4G9WJVH7uyH8QFJE=
github.com/jmespath/go-jmespath v0.0.0-20160202185014-0b12d6b521d8/go.mod h1:Nht3zPeWKUH0NzdCt2Blrr5ys8VGpn0CEB0cQHVjt7k=
github.com/sirupsen/logrus v1.0.6 h1:hcP1GmhGigz/O7h1WVUM5KklBp1JoNS9FggWKdj/j3s=
github.com/sirupsen/logrus v1.0.6/go.mod h1:pMByvHTf9Beacp5x1UXfOR9xyW/9antXMhjMPG0dEzc=
github.com/telia-oss/aws-env v0.3.0 h1:SZ74wHvWH1/m5ZjfVXt7LOeVmmO+5zsL5MIdjRV30JE=
github.com/telia-oss/aws-env v0.3.0/go.mod h1:is4P/VRyZ9EIiXvjp/BnAe5s277q/bYBRPzRZ3CD8IM=
golang.org/x/crypto v0.0.0-20180723164146-c126467f60eb h1:Ah9YqXLj6fEgeKqcmBuLCbAsrF3ScD7dJ/bYM0C6tXI=
golang.org/x/crypto v0.0.0-20180723164146-c126467f60eb/go.mod h1:6SG95UA2DQfeDnfUPMdvaQW0Q7yPrPDi9nlGo2tz2b4=
golang.org/x/net v0.0.0-20180719180050-a680a1efc54d h1:i6RB+Qz1ug7TvJdY4zieRMpnLAtkHSHTOvApNXfLT4A=
golang.org/x/net v0.0.0-20180719180050-a680a1efc54d/go.mod h1:mL1N/T3taQHkDXs73rZJwtUhF3w3ftmwwsq0BUmARs4=
golang.org/x/oauth2 v0.0.0-20180724155351-3d292e4d0cdc h1:3ElrZeO6IBP+M8kgu5YFwRo92Gqr+zBg3aooYQ6ziqU=
golang.org/x/oauth2 v0.0.0-20180724155351-3d292e4d0cdc/go.mod h1:N/0e6XlmueqKjAGxoOufVs8QHGRruUQn6yWY3a++T0U=
golang.org/x/sys v0.0.0-20180724212812-e072cadbbdc8 h1:7T3bTJEttnfJdEY+NY/VYT7IXRaul8potWiyw/n7LB8=
golang.org/x/sys v0.0.0-20180724212812-e072cadbbdc8/go.mod h1:STP8DvDyc/dI5b8T5hshtkjS+E42TnysNCUPdjciGhY=
google.golang.org/appengine v1.1.0/go.mod h1:EbEs0AVv82hx2wNQdGPgUI5lhzA/G0D9YwlJXL52JkM=
